
Microsoft Visual Studio Solution File, Format Version 12.00
# Visual Studio Version 17
VisualStudioVersion = 17.3.32929.385
MinimumVisualStudioVersion = 10.0.40219.1
Project("{8BC9CEB8-8B4A-11D0-8D11-00A0C91BC942}") = "XR_APILAYER_NOVENDOR_steamvr_passthrough", "XR_APILAYER_NOVENDOR_steamvr_passthrough\XR_APILAYER_NOVENDOR_steamvr_passthrough.vcxproj", "{93D573D0-634F-4BA0-8FE0-FB63D7D00A05}"
EndProject
Project("{2150E333-8FDC-42A3-9474-1A3956D46DE8}") = "Solution Files", "Solution Files", "{A53ED6CB-95D3-4833-8A16-C6A588F16F6E}"
	ProjectSection(SolutionItems) = preProject
		.gitattributes = .gitattributes
		.gitignore = .gitignore
		LICENSE = LICENSE
	EndProjectSection
EndProject
Project("{2150E333-8FDC-42A3-9474-1A3956D46DE8}") = "Scripts", "Scripts", "{BA775DE9-671E-4E3B-92AC-9828C2AAF490}"
	ProjectSection(SolutionItems) = preProject
		scripts\Install-Layer.ps1 = scripts\Install-Layer.ps1
		scripts\Tracing.wprp = scripts\Tracing.wprp
		scripts\Uninstall-Layer.ps1 = scripts\Uninstall-Layer.ps1
	EndProjectSection
EndProject
Project("{8BC9CEB8-8B4A-11D0-8D11-00A0C91BC942}") = "passthrough-setup", "passthrough-setup\passthrough-setup.vcxproj", "{22AEAC56-2B71-421B-95B6-8C54D9CBCD42}"
EndProject
Project("{8BC9CEB8-8B4A-11D0-8D11-00A0C91BC942}") = "camera-calibration", "camera-calibration\camera-calibration.vcxproj", "{35F05883-9563-4ADA-911E-506E27EC6269}"
EndProject
Global
	GlobalSection(SolutionConfigurationPlatforms) = preSolution
		Debug|x64 = Debug|x64
		Release|x64 = Release|x64
	EndGlobalSection
	GlobalSection(ProjectConfigurationPlatforms) = postSolution
		{93D573D0-634F-4BA0-8FE0-FB63D7D00A05}.Debug|x64.ActiveCfg = Debug|x64
		{93D573D0-634F-4BA0-8FE0-FB63D7D00A05}.Debug|x64.Build.0 = Debug|x64
		{93D573D0-634F-4BA0-8FE0-FB63D7D00A05}.Release|x64.ActiveCfg = Release|x64
		{93D573D0-634F-4BA0-8FE0-FB63D7D00A05}.Release|x64.Build.0 = Release|x64
		{22AEAC56-2B71-421B-95B6-8C54D9CBCD42}.Debug|x64.ActiveCfg = Debug|x64
		{22AEAC56-2B71-421B-95B6-8C54D9CBCD42}.Debug|x64.Build.0 = Debug|x64
		{22AEAC56-2B71-421B-95B6-8C54D9CBCD42}.Release|x64.ActiveCfg = Release|x64
		{22AEAC56-2B71-421B-95B6-8C54D9CBCD42}.Release|x64.Build.0 = Release|x64
		{35F05883-9563-4ADA-911E-506E27EC6269}.Debug|x64.ActiveCfg = Debug|x64
		{35F05883-9563-4ADA-911E-506E27EC6269}.Debug|x64.Build.0 = Debug|x64
		{35F05883-9563-4ADA-911E-506E27EC6269}.Release|x64.ActiveCfg = Release|x64
		{35F05883-9563-4ADA-911E-506E27EC6269}.Release|x64.Build.0 = Release|x64
	EndGlobalSection
	GlobalSection(SolutionProperties) = preSolution
		HideSolutionNode = FALSE
	EndGlobalSection
	GlobalSection(NestedProjects) = preSolution
		{BA775DE9-671E-4E3B-92AC-9828C2AAF490} = {A53ED6CB-95D3-4833-8A16-C6A588F16F6E}
	EndGlobalSection
	GlobalSection(ExtensibilityGlobals) = postSolution
		SolutionGuid = {07E77829-9766-4585-AC6C-0A28BA014E77}
	EndGlobalSection
EndGlobal
