<?xml version="1.0" encoding="utf-8"?>
<Project ToolsVersion="4.0" xmlns="http://schemas.microsoft.com/developer/msbuild/2003">
  <ItemGroup>
    <Filter Include="Source Files">
      <UniqueIdentifier>{4FC737F1-C7A5-4376-A066-2A32D752A2FF}</UniqueIdentifier>
      <Extensions>cpp;c;cc;cxx;c++;cppm;ixx;def;odl;idl;hpj;bat;asm;asmx</Extensions>
    </Filter>
    <Filter Include="Header Files">
      <UniqueIdentifier>{93995380-89BD-4b04-88EB-625FBE52EBFB}</UniqueIdentifier>
      <Extensions>h;hh;hpp;hxx;h++;hm;inl;inc;ipp;xsd</Extensions>
    </Filter>
    <Filter Include="Framework">
      <UniqueIdentifier>{060fbbc6-44b1-4494-b904-cb9719cec138}</UniqueIdentifier>
    </Filter>
    <Filter Include="Shaders">
      <UniqueIdentifier>{077e54ab-58a7-4c28-84ce-2a722465e3d9}</UniqueIdentifier>
    </Filter>
    <Filter Include="Libraries">
      <UniqueIdentifier>{7fb9ef4f-5887-4810-b86f-3b4724e1c8e2}</UniqueIdentifier>
    </Filter>
  </ItemGroup>
  <ItemGroup>
    <ClInclude Include="pch.h">
      <Filter>Header Files</Filter>
    </ClInclude>
    <ClInclude Include="layer.h">
      <Filter>Header Files</Filter>
    </ClInclude>
    <ClInclude Include="framework\dispatch.gen.h">
      <Filter>Framework</Filter>
    </ClInclude>
    <ClInclude Include="framework\dispatch.h">
      <Filter>Framework</Filter>
    </ClInclude>
    <ClInclude Include="framework\log.h">
      <Filter>Framework</Filter>
    </ClInclude>
    <ClInclude Include="framework\util.h">
      <Filter>Framework</Filter>
    </ClInclude>
    <ClInclude Include="passthrough_renderer.h">
      <Filter>Header Files</Filter>
    </ClInclude>
    <ClInclude Include="camera_manager.h">
      <Filter>Header Files</Filter>
    </ClInclude>
    <ClInclude Include="config_manager.h">
      <Filter>Header Files</Filter>
    </ClInclude>
    <ClInclude Include="dashboard_menu.h">
      <Filter>Header Files</Filter>
    </ClInclude>
    <ClInclude Include="..\external\imgui\imconfig.h">
      <Filter>Libraries</Filter>
    </ClInclude>
    <ClInclude Include="..\external\imgui\imgui.h">
      <Filter>Libraries</Filter>
    </ClInclude>
    <ClInclude Include="..\external\imgui\backends\imgui_impl_dx11.h">
      <Filter>Libraries</Filter>
    </ClInclude>
    <ClInclude Include="..\external\imgui\backends\imgui_impl_dx12.h">
      <Filter>Libraries</Filter>
    </ClInclude>
    <ClInclude Include="..\external\imgui\imgui_internal.h">
      <Filter>Libraries</Filter>
    </ClInclude>
    <ClInclude Include="..\external\lodepng\lodepng.h">
      <Filter>Libraries</Filter>
    </ClInclude>
    <ClInclude Include="check.h">
      <Filter>Header Files</Filter>
    </ClInclude>
    <ClInclude Include="resource.h">
      <Filter>Header Files</Filter>
    </ClInclude>
    <ClInclude Include="openvr_manager.h">
      <Filter>Header Files</Filter>
    </ClInclude>
    <ClInclude Include="depth_reconstruction.h">
      <Filter>Header Files</Filter>
    </ClInclude>
  </ItemGroup>
  <ItemGroup>
    <ClCompile Include="pch.cpp">
      <Filter>Source Files</Filter>
    </ClCompile>
    <ClCompile Include="layer.cpp">
      <Filter>Source Files</Filter>
    </ClCompile>
    <ClCompile Include="framework\dispatch.cpp">
      <Filter>Framework</Filter>
    </ClCompile>
    <ClCompile Include="framework\dispatch.gen.cpp">
      <Filter>Framework</Filter>
    </ClCompile>
    <ClCompile Include="framework\entry.cpp">
      <Filter>Framework</Filter>
    </ClCompile>
    <ClCompile Include="framework\log.cpp">
      <Filter>Framework</Filter>
    </ClCompile>
    <ClCompile Include="passthrough_renderer_dx12.cpp">
      <Filter>Source Files</Filter>
    </ClCompile>
    <ClCompile Include="camera_manager.cpp">
      <Filter>Source Files</Filter>
    </ClCompile>
    <ClCompile Include="passthrough_renderer_dx11.cpp">
      <Filter>Source Files</Filter>
    </ClCompile>
    <ClCompile Include="config_manager.cpp">
      <Filter>Source Files</Filter>
    </ClCompile>
    <ClCompile Include="dashboard_menu.cpp">
      <Filter>Source Files</Filter>
    </ClCompile>
    <ClCompile Include="..\external\imgui\imgui.cpp">
      <Filter>Libraries</Filter>
    </ClCompile>
    <ClCompile Include="..\external\imgui\imgui_draw.cpp">
      <Filter>Libraries</Filter>
    </ClCompile>
    <ClCompile Include="..\external\imgui\backends\imgui_impl_dx11.cpp">
      <Filter>Libraries</Filter>
    </ClCompile>
    <ClCompile Include="..\external\imgui\backends\imgui_impl_dx12.cpp">
      <Filter>Libraries</Filter>
    </ClCompile>
    <ClCompile Include="..\external\imgui\imgui_tables.cpp">
      <Filter>Libraries</Filter>
    </ClCompile>
    <ClCompile Include="..\external\imgui\imgui_widgets.cpp">
      <Filter>Libraries</Filter>
    </ClCompile>
    <ClCompile Include="..\external\lodepng\lodepng.cpp">
      <Filter>Libraries</Filter>
    </ClCompile>
    <ClCompile Include="openvr_manager.cpp">
      <Filter>Source Files</Filter>
    </ClCompile>
    <ClCompile Include="passthrough_renderer_vulkan.cpp">
      <Filter>Source Files</Filter>
    </ClCompile>
    <ClCompile Include="depth_reconstruction.cpp">
      <Filter>Source Files</Filter>
    </ClCompile>
  </ItemGroup>
  <ItemGroup>
    <None Include="framework\dispatch_generator.py">
      <Filter>Framework</Filter>
    </None>
    <None Include="framework\layer_apis.py">
      <Filter>Framework</Filter>
    </None>
    <None Include="shaders\util.hlsl">
      <Filter>Shaders</Filter>
    </None>
  </ItemGroup>
  <ItemGroup>
    <FxCompile Include="shaders\alpha_prepass_masked_ps.hlsl">
      <Filter>Shaders</Filter>
    </FxCompile>
    <FxCompile Include="shaders\alpha_prepass_ps.hlsl">
      <Filter>Shaders</Filter>
    </FxCompile>
    <FxCompile Include="shaders\passthrough_masked_ps.hlsl">
      <Filter>Shaders</Filter>
    </FxCompile>
    <FxCompile Include="shaders\passthrough_ps.hlsl">
      <Filter>Shaders</Filter>
    </FxCompile>
    <FxCompile Include="shaders\passthrough_vs.hlsl">
      <Filter>Shaders</Filter>
    </FxCompile>
    <FxCompile Include="shaders\passthrough_stereo_vs.hlsl">
      <Filter>Shaders</Filter>
    </FxCompile>
  </ItemGroup>
  <ItemGroup>
    <CopyFileToFolders Include="..\external\openvr\bin\win64\openvr_api.pdb">
      <Filter>Libraries</Filter>
    </CopyFileToFolders>
    <CopyFileToFolders Include="..\external\openvr\bin\win64\openvr_api.dll">
      <Filter>Libraries</Filter>
    </CopyFileToFolders>
  </ItemGroup>
  <ItemGroup>
    <ResourceCompile Include="XR_APILAYER_NOVENDOR_steamvr_passthrough.rc" />
  </ItemGroup>
</Project>